[[package]]
category = "main"
description = "Better dates & times for Python"
name = "arrow"
optional = false
python-versions = ">=2.7, !=3.0.*, !=3.1.*, !=3.2.*, !=3.3.*, !=3.4.*"
version = "0.17.0"

[package.dependencies]
python-dateutil = ">=2.7.0"

[package.dependencies."backports.functools-lru-cache"]
python = ">=2.7,<2.8"
version = ">=1.2.1"

[[package]]
category = "main"
description = "Backport of functools.lru_cache"
marker = "python_version == \"2.7\""
name = "backports.functools-lru-cache"
optional = false
python-versions = ">=2.6"
version = "1.6.4"

[[package]]
category = "main"
description = "httplib2 caching for requests"
marker = "python_version < \"3.6\""
name = "cachecontrol"
optional = false
python-versions = ">=2.7, !=3.0.*, !=3.1.*, !=3.2.*, !=3.3.*"
version = "0.12.6"

[package.dependencies]
msgpack = ">=0.5.2"
requests = "*"

[[package]]
category = "main"
description = "Cachy provides a simple yet effective caching library."
name = "cachy"
optional = false
python-versions = ">=2.7, !=3.0.*, !=3.1.*, !=3.2.*, !=3.3.*"
version = "0.3.0"

[[package]]
category = "main"
description = "Python package for providing Mozilla's CA Bundle."
name = "certifi"
optional = false
python-versions = "*"
version = "2021.10.8"

[[package]]
category = "main"
description = "Foreign Function Interface for Python calling C code."
marker = "python_version >= \"2.7\" and python_version < \"2.8\" and (sys_platform == \"linux2\" or sys_platform == \"linux\")"
name = "cffi"
optional = false
python-versions = "*"
version = "1.15.0"

[package.dependencies]
pycparser = "*"

[[package]]
category = "main"
description = "Universal encoding detector for Python 2 and 3"
marker = "python_version < \"3\""
name = "chardet"
optional = false
python-versions = ">=2.7, !=3.0.*, !=3.1.*, !=3.2.*, !=3.3.*, !=3.4.*"
version = "4.0.0"

[[package]]
category = "main"
description = "Cleo allows you to create beautiful and testable command-line interfaces."
name = "cleo"
optional = false
python-versions = ">=2.7, !=3.0.*, !=3.1.*, !=3.2.*, !=3.3.*"
version = "0.8.1"

[package.dependencies]
clikit = ">=0.6.0,<0.7.0"

[[package]]
category = "main"
description = "CliKit is a group of utilities to build beautiful and testable command line interfaces."
name = "clikit"
optional = false
python-versions = ">=2.7, !=3.0.*, !=3.1.*, !=3.2.*, !=3.3.*"
version = "0.6.2"

[package.dependencies]
pastel = ">=0.2.0,<0.3.0"
pylev = ">=1.3,<2.0"

[package.dependencies.enum34]
python = ">=2.7,<2.8"
version = ">=1.1,<2.0"

[package.dependencies.typing]
python = ">=2.7,<2.8 || >=3.4,<3.5"
version = ">=3.6,<4.0"

[[package]]
category = "main"
description = "Updated configparser from Python 3.7 for Python 2.6+."
marker = "python_version >= \"2.7\" and python_version < \"2.8\" or python_version < \"3\" or python_version == \"2.7\" and python_version < \"2.8\""
name = "configparser"
optional = false
python-versions = ">=2.6"
version = "4.0.2"

[[package]]
category = "main"
description = "Backports and enhancements for the contextlib module"
marker = "python_version >= \"2.7\" and python_version < \"2.8\" or python_version < \"3.4\""
name = "contextlib2"
optional = false
python-versions = ">=2.7, !=3.0.*, !=3.1.*, !=3.2.*, !=3.3.*"
version = "0.6.0.post1"

[[package]]
category = "main"
description = "cryptography is a package which provides cryptographic recipes and primitives to Python developers."
marker = "python_version >= \"2.7\" and python_version < \"2.8\" and (sys_platform == \"linux2\" or sys_platform == \"linux\")"
name = "cryptography"
optional = false
python-versions = ">=2.7,!=3.0.*,!=3.1.*,!=3.2.*,!=3.3.*,!=3.4.*,!=3.5.*"
version = "3.3.2"

[package.dependencies]
cffi = ">=1.12"
six = ">=1.4.1"

[package.dependencies.enum34]
python = "<3"
version = "*"

[package.dependencies.ipaddress]
python = "<3"
version = "*"

[[package]]
category = "main"
description = "Distribution utilities"
name = "distlib"
optional = false
python-versions = "*"
version = "0.3.4"

[[package]]
category = "main"
description = "Discover and load entry points from installed packages."
marker = "python_version >= \"2.7\" and python_version < \"2.8\""
name = "entrypoints"
optional = false
python-versions = ">=2.7"
version = "0.3"

[package.dependencies]
[package.dependencies.configparser]
python = ">=2.7,<2.8"
version = ">=3.5"

[[package]]
category = "main"
description = "Python 3.4 Enum backported to 3.3, 3.2, 3.1, 2.7, 2.6, 2.5, and 2.4"
marker = "python_version >= \"2.7\" and python_version < \"2.8\" or python_version >= \"2.7\" and python_version < \"2.8\" and (sys_platform == \"linux2\" or sys_platform == \"linux\")"
name = "enum34"
optional = false
python-versions = "*"
version = "1.1.10"

[[package]]
category = "main"
description = "A platform independent file lock."
name = "filelock"
optional = false
python-versions = "!=3.0.*,!=3.1.*,!=3.2.*,!=3.3.*,!=3.4.*,>=2.7"
version = "3.2.1"

[[package]]
category = "main"
description = "Backport of the functools module from Python 3.2.3 for use on 2.7 and PyPy."
marker = "python_version >= \"2.7\" and python_version < \"2.8\""
name = "functools32"
optional = false
python-versions = "*"
version = "3.2.3-2"

[[package]]
category = "main"
description = "Backport of the concurrent.futures package from Python 3"
marker = "python_version >= \"2.7\" and python_version < \"2.8\""
name = "futures"
optional = false
python-versions = ">=2.6, <3"
version = "3.3.0"

[[package]]
category = "main"
description = "Version of the glob module that can capture patterns and supports recursive wildcards"
marker = "python_version >= \"2.7\" and python_version < \"2.8\""
name = "glob2"
optional = false
python-versions = "*"
version = "0.6"

[[package]]
category = "main"
description = "HTML parser based on the WHATWG HTML specification"
name = "html5lib"
optional = false
python-versions = ">=2.7, !=3.0.*, !=3.1.*, !=3.2.*, !=3.3.*, !=3.4.*"
version = "1.1"

[package.dependencies]
six = ">=1.9"
webencodings = "*"

[[package]]
category = "main"
description = "Internationalized Domain Names in Applications (IDNA)"
marker = "python_version < \"3\""
name = "idna"
optional = false
python-versions = ">=2.7, !=3.0.*, !=3.1.*, !=3.2.*, !=3.3.*"
version = "2.10"

[[package]]
category = "main"
description = "Read metadata from Python packages"
marker = "python_version >= \"2.7\" and python_version < \"2.8\" or python_version >= \"3.5\" and python_version < \"3.8\" or python_version < \"3.8\""
name = "importlib-metadata"
optional = false
python-versions = "!=3.0.*,!=3.1.*,!=3.2.*,!=3.3.*,!=3.4.*,>=2.7"
version = "1.7.0"

[package.dependencies]
zipp = ">=0.5"

[package.dependencies.configparser]
python = "<3"
version = ">=3.5"

[package.dependencies.contextlib2]
python = "<3"
version = "*"

[package.dependencies.pathlib2]
python = "<3"
version = "*"

[[package]]
category = "main"
description = "Read resources from Python packages"
marker = "python_version < \"3.7\""
name = "importlib-resources"
optional = false
python-versions = "!=3.0.*,!=3.1.*,!=3.2.*,!=3.3.*,!=3.4.*,!=3.5.*,>=2.7"
version = "3.3.1"

[package.dependencies]
[package.dependencies.contextlib2]
python = "<3"
version = "*"

[package.dependencies.pathlib2]
python = "<3"
version = "*"

[package.dependencies.singledispatch]
python = "<3.4"
version = "*"

[package.dependencies.typing]
python = "<3.5"
version = "*"

[package.dependencies.zipp]
python = "<3.8"
version = ">=0.4"

[[package]]
category = "main"
description = "IPv4/IPv6 manipulation library"
marker = "python_version >= \"2.7\" and python_version < \"2.8\" and (sys_platform == \"linux2\" or sys_platform == \"linux\")"
name = "ipaddress"
optional = false
python-versions = "*"
version = "1.0.23"

[[package]]
category = "main"
description = "Store and access your passwords safely."
marker = "python_version >= \"2.7\" and python_version < \"2.8\""
name = "keyring"
optional = false
python-versions = ">=2.7"
version = "18.0.1"

[package.dependencies]
entrypoints = "*"
pywin32-ctypes = "<0.1.0 || >0.1.0,<0.1.1 || >0.1.1"

[package.dependencies.secretstorage]
python = "<3.5"
version = "<3"

[[package]]
category = "main"
description = "MessagePack (de)serializer."
marker = "python_version < \"3.6\""
name = "msgpack"
optional = false
python-versions = "*"
version = "1.0.3"

[[package]]
category = "main"
description = "Core utilities for Python packages"
name = "packaging"
optional = false
python-versions = ">=2.7, !=3.0.*, !=3.1.*, !=3.2.*, !=3.3.*"
version = "20.9"

[package.dependencies]
pyparsing = ">=2.0.2"

[[package]]
category = "main"
description = "Bring colors to your terminal."
name = "pastel"
optional = false
python-versions = ">=2.7, !=3.0.*, !=3.1.*, !=3.2.*, !=3.3.*"
version = "0.2.1"

[[package]]
category = "main"
description = "Object-oriented filesystem paths"
marker = "python_version >= \"2.7\" and python_version < \"2.8\" or python_version < \"3.4\" and sys_platform != \"win32\" or python_version < \"3\""
name = "pathlib2"
optional = false
python-versions = "*"
version = "2.3.7.post1"

[package.dependencies]
six = "*"

[package.dependencies.scandir]
python = "<3.5"
version = "*"

[package.dependencies.typing]
python = "<3.5"
version = "*"

[[package]]
category = "main"
description = "Pexpect allows easy control of interactive console applications."
name = "pexpect"
optional = false
python-versions = "*"
version = "4.8.0"

[package.dependencies]
ptyprocess = ">=0.5"

[[package]]
category = "main"
description = "Query metadatdata from sdists / bdists / installed packages."
name = "pkginfo"
optional = false
python-versions = "*"
version = "1.8.2"

[[package]]
category = "main"
description = "A small Python module for determining appropriate platform-specific dirs, e.g. a \"user data dir\"."
name = "platformdirs"
optional = false
python-versions = ">=2.7, !=3.0.*, !=3.1.*, !=3.2.*, !=3.3.*, !=3.4.*"
version = "2.0.2"

[[package]]
category = "main"
description = "Python dependency management and packaging made easy."
name = "poetry"
optional = false
python-versions = ">=2.7, !=3.0.*, !=3.1.*, !=3.2.*, !=3.3.*, !=3.4.*"
version = "1.1.13"

[package.dependencies]
cachy = ">=0.3.0,<0.4.0"
cleo = ">=0.8.1,<0.9.0"
clikit = ">=0.6.2,<0.7.0"
html5lib = ">=1.0,<2.0"
packaging = ">=20.4,<21.0"
pexpect = ">=4.7.0,<5.0.0"
pkginfo = ">=1.4,<2.0"
poetry-core = ">=1.0.7,<1.1.0"
requests = ">=2.18,<3.0"
requests-toolbelt = ">=0.9.1,<0.10.0"
shellingham = ">=1.1,<2.0"
tomlkit = ">=0.7.0,<1.0.0"
virtualenv = ">=20.0.26,<21.0.0"

[package.dependencies.cachecontrol]
python = "<3.6"
version = ">=0.12.4,<0.13.0"

[package.dependencies.functools32]
python = ">=2.7,<2.8"
version = ">=3.2.3,<4.0.0"

[package.dependencies.futures]
python = ">=2.7,<2.8"
version = ">=3.3.0,<4.0.0"

[package.dependencies.glob2]
python = ">=2.7,<2.8"
version = ">=0.6,<0.7"

[package.dependencies.importlib-metadata]
python = "<3.8"
version = ">=1.6.0,<2.0.0"

[package.dependencies.keyring]
python = ">=2.7,<2.8"
version = ">=18.0.1,<19.0.0"

[package.dependencies.pathlib2]
python = ">=2.7,<2.8"
version = ">=2.3,<3.0"

[package.dependencies.subprocess32]
python = ">=2.7,<2.8"
version = ">=3.5,<4.0"

[package.dependencies.typing]
python = ">=2.7,<2.8"
version = ">=3.6,<4.0"

[[package]]
category = "main"
description = "Poetry PEP 517 Build Backend"
name = "poetry-core"
optional = false
python-versions = ">=2.7, !=3.0.*, !=3.1.*, !=3.2.*, !=3.3.*, !=3.4.*"
version = "1.0.8"

[package.dependencies]
[package.dependencies.enum34]
python = ">=2.7,<2.8"
version = ">=1.1.10,<2.0.0"

[package.dependencies.functools32]
python = ">=2.7,<2.8"
version = ">=3.2.3-2,<4.0.0"

[package.dependencies.importlib-metadata]
python = ">=2.7,<2.8 || >=3.5,<3.8"
version = ">=1.7.0,<2.0.0"

[package.dependencies.pathlib2]
python = ">=2.7,<2.8"
version = ">=2.3.5,<3.0.0"

[package.dependencies.typing]
python = ">=2.7,<2.8"
version = ">=3.7.4.1,<4.0.0.0"

[[package]]
category = "main"
description = "Run a subprocess in a pseudo terminal"
name = "ptyprocess"
optional = false
python-versions = "*"
version = "0.7.0"

[[package]]
category = "main"
description = "C parser in Python"
marker = "python_version >= \"2.7\" and python_version < \"2.8\" and (sys_platform == \"linux2\" or sys_platform == \"linux\")"
name = "pycparser"
optional = false
python-versions = ">=2.7, !=3.0.*, !=3.1.*, !=3.2.*, !=3.3.*"
version = "2.21"

[[package]]
category = "main"
description = "A pure Python Levenshtein implementation that's not freaking GPL'd."
name = "pylev"
optional = false
python-versions = "*"
version = "1.4.0"

[[package]]
category = "main"
description = "Python parsing module"
name = "pyparsing"
optional = false
python-versions = ">=2.6, !=3.0.*, !=3.1.*, !=3.2.*"
version = "2.4.7"

[[package]]
category = "main"
description = "Extensions to the standard Python datetime module"
name = "python-dateutil"
optional = false
python-versions = "!=3.0.*,!=3.1.*,!=3.2.*,>=2.7"
version = "2.8.2"

[package.dependencies]
six = ">=1.5"

[[package]]
category = "main"
description = "sample time module"
name = "python-time"
optional = false
python-versions = "*"
version = "0.3.0"

[package.dependencies]
arrow = "*"

[[package]]
category = "main"
description = ""
marker = "python_version >= \"2.7\" and python_version < \"2.8\" and sys_platform == \"win32\""
name = "pywin32-ctypes"
optional = false
python-versions = "*"
version = "0.2.0"

[[package]]
category = "main"
description = "Python HTTP for Humans."
name = "requests"
optional = false
python-versions = ">=2.7, !=3.0.*, !=3.1.*, !=3.2.*, !=3.3.*, !=3.4.*, !=3.5.*"
version = "2.27.1"

[package.dependencies]
certifi = ">=2017.4.17"
urllib3 = ">=1.21.1,<1.27"

[package.dependencies.chardet]
python = "<3"
version = ">=3.0.2,<5"

[package.dependencies.idna]
python = "<3"
version = ">=2.5,<3"

[[package]]
category = "main"
description = "A utility belt for advanced users of python-requests"
name = "requests-toolbelt"
optional = false
python-versions = "*"
version = "0.9.1"

[package.dependencies]
requests = ">=2.0.1,<3.0.0"

[[package]]
category = "main"
description = "scandir, a better directory iterator and faster os.walk()"
marker = "python_version >= \"2.7\" and python_version < \"2.8\" or python_version < \"3.4\" and sys_platform != \"win32\" or python_version < \"3\""
name = "scandir"
optional = false
python-versions = "*"
version = "1.10.0"

[[package]]
category = "main"
description = "Python bindings to FreeDesktop.org Secret Service API"
marker = "python_version >= \"2.7\" and python_version < \"2.8\" and (sys_platform == \"linux2\" or sys_platform == \"linux\")"
name = "secretstorage"
optional = false
python-versions = "*"
version = "2.3.1"

[package.dependencies]
cryptography = "*"

[[package]]
category = "main"
description = "Tool to Detect Surrounding Shell"
name = "shellingham"
optional = false
python-versions = "!=3.0,!=3.1,!=3.2,!=3.3,>=2.6"
version = "1.4.0"

[[package]]
category = "main"
description = "Backport functools.singledispatch from Python 3.4 to Python 2.6-3.3."
marker = "python_version < \"3.4\""
name = "singledispatch"
optional = false
python-versions = ">=2.6"
version = "3.7.0"

[package.dependencies]
six = "*"

[[package]]
category = "main"
description = "Python 2 and 3 compatibility utilities"
name = "six"
optional = false
python-versions = ">=2.7, !=3.0.*, !=3.1.*, !=3.2.*"
version = "1.16.0"

[[package]]
category = "main"
description = "A backport of the subprocess module from Python 3 for use on 2.x."
marker = "python_version >= \"2.7\" and python_version < \"2.8\""
name = "subprocess32"
optional = false
python-versions = ">=2.6, !=3.0.*, !=3.1.*, !=3.2.*, <4"
version = "3.5.4"

[[package]]
category = "main"
description = "Style preserving TOML library"
name = "tomlkit"
optional = false
python-versions = ">=2.7, !=3.0.*, !=3.1.*, !=3.2.*, !=3.3.*, !=3.4.*"
version = "0.7.2"

[package.dependencies]
[package.dependencies.enum34]
python = ">=2.7,<2.8"
version = ">=1.1,<2.0"

[package.dependencies.functools32]
python = ">=2.7,<2.8"
version = ">=3.2.3,<4.0.0"

[package.dependencies.typing]
python = ">=2.7,<2.8 || >=3.4,<3.5"
version = ">=3.6,<4.0"

[[package]]
category = "main"
description = "Type Hints for Python"
marker = "python_version >= \"2.7\" and python_version < \"2.8\" or python_version >= \"3.4\" and python_version < \"3.5\" or python_version < \"3.5\" or python_version < \"3.4\" and sys_platform != \"win32\""
name = "typing"
optional = false
python-versions = ">=2.7, !=3.0.*, !=3.1.*, !=3.2.*, !=3.3.*, <3.5"
version = "3.10.0.0"

[[package]]
category = "main"
description = "HTTP library with thread-safe connection pooling, file post, and more."
name = "urllib3"
optional = false
python-versions = ">=2.7, !=3.0.*, !=3.1.*, !=3.2.*, !=3.3.*, !=3.4.*, <4"
version = "1.26.8"

[[package]]
category = "main"
description = "Virtual Python Environment builder"
name = "virtualenv"
optional = false
python-versions = "!=3.0.*,!=3.1.*,!=3.2.*,!=3.3.*,!=3.4.*,>=2.7"
version = "20.13.3"

[package.dependencies]
distlib = ">=0.3.1,<1"
filelock = ">=3.2,<4"
platformdirs = ">=2,<3"
six = ">=1.9.0,<2"

[package.dependencies.importlib-metadata]
python = "<3.8"
version = ">=0.12"

[package.dependencies.importlib-resources]
python = "<3.7"
version = ">=1.0"

[package.dependencies.pathlib2]
python = "<3.4"
version = ">=2.3.3,<3"

[[package]]
category = "main"
description = "Character encoding aliases for legacy web content"
name = "webencodings"
optional = false
python-versions = "*"
version = "0.5.1"

[[package]]
category = "main"
description = "Backport of pathlib-compatible object wrapper for zip files"
marker = "python_version >= \"2.7\" and python_version < \"2.8\" or python_version >= \"3.5\" and python_version < \"3.8\" or python_version < \"3.8\""
name = "zipp"
optional = false
python-versions = ">=2.7"
version = "1.2.0"

[package.dependencies]
[package.dependencies.contextlib2]
python = "<3.4"
version = "*"

[metadata]
content-hash = "56aeb956aea5084c5e8912b7ffd04b0396379cc58f17d7629475da923b62bd40"
python-versions = "^2.7"

[metadata.hashes]
arrow = ["e098abbd9af3665aea81bdd6c869e93af4feb078e98468dd351c383af187aac5", "ff08d10cda1d36c68657d6ad20d74fbea493d980f8b2d45344e00d6ed2bf6ed4"]
"backports.functools-lru-cache" = ["d5ed2169378b67d3c545e5600d363a923b09c456dab1593914935a68ad478271", "dbead04b9daa817909ec64e8d2855fb78feafe0b901d4568758e3a60559d8978"]
cachecontrol = ["10d056fa27f8563a271b345207402a6dcce8efab7e5b377e270329c62471b10d", "be9aa45477a134aee56c8fac518627e1154df063e85f67d4f83ce0ccc23688e8"]
cachy = ["186581f4ceb42a0bbe040c407da73c14092379b1e4c0e327fdb72ae4a9b269b1", "338ca09c8860e76b275aff52374330efedc4d5a5e45dc1c5b539c1ead0786fe7"]
certifi = ["78884e7c1d4b00ce3cea67b44566851c4343c120abd683433ce934a68ea58872", "d62a0163eb4c2344ac042ab2bdf75399a71a2d8c7d47eac2e2ee91b9d6339569"]
cffi = ["00c878c90cb53ccfaae6b8bc18ad05d2036553e6d9d1d9dbcf323bbe83854ca3", "0104fb5ae2391d46a4cb082abdd5c69ea4eab79d8d44eaaf79f1b1fd806ee4c2", "06c48159c1abed75c2e721b1715c379fa3200c7784271b3c46df01383b593636", "0808014eb713677ec1292301ea4c81ad277b6cdf2fdd90fd540af98c0b101d20", "10dffb601ccfb65262a27233ac273d552ddc4d8ae1bf93b21c94b8511bffe728", "14cd121ea63ecdae71efa69c15c5543a4b5fbcd0bbe2aad864baca0063cecf27", "17771976e82e9f94976180f76468546834d22a7cc404b17c22df2a2c81db0c66", "181dee03b1170ff1969489acf1c26533710231c58f95534e3edac87fff06c443", "23cfe892bd5dd8941608f93348c0737e369e51c100d03718f108bf1add7bd6d0", "263cc3d821c4ab2213cbe8cd8b355a7f72a8324577dc865ef98487c1aeee2bc7", "2756c88cbb94231c7a147402476be2c4df2f6078099a6f4a480d239a8817ae39", "27c219baf94952ae9d50ec19651a687b826792055353d07648a5695413e0c605", "2a23af14f408d53d5e6cd4e3d9a24ff9e05906ad574822a10563efcef137979a", "31fb708d9d7c3f49a60f04cf5b119aeefe5644daba1cd2a0fe389b674fd1de37", "3415c89f9204ee60cd09b235810be700e993e343a408693e80ce7f6a40108029", "3773c4d81e6e818df2efbc7dd77325ca0dcb688116050fb2b3011218eda36139", "3b96a311ac60a3f6be21d2572e46ce67f09abcf4d09344c49274eb9e0bf345fc", "3f7d084648d77af029acb79a0ff49a0ad7e9d09057a9bf46596dac9514dc07df", "41d45de54cd277a7878919867c0f08b0cf817605e4eb94093e7516505d3c8d14", "4238e6dab5d6a8ba812de994bbb0a79bddbdf80994e4ce802b6f6f3142fcc880", "45db3a33139e9c8f7c09234b5784a5e33d31fd6907800b316decad50af323ff2", "45e8636704eacc432a206ac7345a5d3d2c62d95a507ec70d62f23cd91770482a", "4958391dbd6249d7ad855b9ca88fae690783a6be9e86df65865058ed81fc860e", "4a306fa632e8f0928956a41fa8e1d6243c71e7eb59ffbd165fc0b41e316b2474", "57e9ac9ccc3101fac9d6014fba037473e4358ef4e89f8e181f8951a2c0162024", "59888172256cac5629e60e72e86598027aca6bf01fa2465bdb676d37636573e8", "5e069f72d497312b24fcc02073d70cb989045d1c91cbd53979366077959933e0", "64d4ec9f448dfe041705426000cc13e34e6e5bb13736e9fd62e34a0b0c41566e", "6dc2737a3674b3e344847c8686cf29e500584ccad76204efea14f451d4cc669a", "74fdfdbfdc48d3f47148976f49fab3251e550a8720bebc99bf1483f5bfb5db3e", "75e4024375654472cc27e91cbe9eaa08567f7fbdf822638be2814ce059f58032", "786902fb9ba7433aae840e0ed609f45c7bcd4e225ebb9c753aa39725bb3e6ad6", "8b6c2ea03845c9f501ed1313e78de148cd3f6cad741a75d43a29b43da27f2e1e", "91d77d2a782be4274da750752bb1650a97bfd8f291022b379bb8e01c66b4e96b", "91ec59c33514b7c7559a6acda53bbfe1b283949c34fe7440bcf917f96ac0723e", "920f0d66a896c2d99f0adbb391f990a84091179542c205fa53ce5787aff87954", "a5263e363c27b653a90078143adb3d076c1a748ec9ecc78ea2fb916f9b861962", "abb9a20a72ac4e0fdb50dae135ba5e77880518e742077ced47eb1499e29a443c", "c2051981a968d7de9dd2d7b87bcb9c939c74a34626a6e2f8181455dd49ed69e4", "c21c9e3896c23007803a875460fb786118f0cdd4434359577ea25eb556e34c55", "c2502a1a03b6312837279c8c1bd3ebedf6c12c4228ddbad40912d671ccc8a962", "d4d692a89c5cf08a8557fdeb329b82e7bf609aadfaed6c0d79f5a449a3c7c023", "da5db4e883f1ce37f55c667e5c0de439df76ac4cb55964655906306918e7363c", "e7022a66d9b55e93e1a845d8c9eba2a1bebd4966cd8bfc25d9cd07d515b33fa6", "ef1f279350da2c586a69d32fc8733092fd32cc8ac95139a00377841f59a3f8d8", "f54a64f8b0c8ff0b64d18aa76675262e1700f3995182267998c31ae974fbc382", "f5c7150ad32ba43a07c4479f40241756145a1f03b43480e058cfd862bf5041c7", "f6f824dc3bce0edab5f427efcfb1d63ee75b6fcb7282900ccaf925be84efb0fc", "fd8a250edc26254fe5b33be00402e6d287f562b6a5b2152dec302fa15bb3e997", "ffaa5c925128e29efbde7301d8ecaf35c8c60ffbcd6a1ffd3a552177c8e5e796"]
chardet = ["0d6f53a15db4120f2b08c94f11e7d93d2c911ee118b6b30a04ec3ee8310179fa", "f864054d66fd9118f2e67044ac8981a54775ec5b67aed0441892edb553d21da5"]
cleo = ["141cda6dc94a92343be626bb87a0b6c86ae291dfc732a57bf04310d4b4201753", "3d0e22d30117851b45970b6c14aca4ab0b18b1b53c8af57bed13208147e4069f"]
clikit = ["442ee5db9a14120635c5990bcdbfe7c03ada5898291f0c802f77be71569ded59", "71268e074e68082306e23d7369a7b99f824a0ef926e55ba2665e911f7208489e"]
configparser = ["254c1d9c79f60c45dfde850850883d5aaa7f19a23f13561243a050d5a7c3fe4c", "c7d282687a5308319bf3d2e7706e575c635b0a470342641c93bea0ea3b5331df"]
contextlib2 = ["01f490098c18b19d2bd5bb5dc445b2054d2fa97f09a4280ba2c5f3c394c8162e", "3355078a159fbb44ee60ea80abd0d87b80b78c248643b49aa6d94673b413609b"]
cryptography = ["0d7b69674b738068fa6ffade5c962ecd14969690585aaca0a1b1fc9058938a72", "1bd0ccb0a1ed775cd7e2144fe46df9dc03eefd722bbcf587b3e0616ea4a81eff", "3c284fc1e504e88e51c428db9c9274f2da9f73fdf5d7e13a36b8ecb039af6e6c", "49570438e60f19243e7e0d504527dd5fe9b4b967b5a1ff21cc12b57602dd85d3", "541dd758ad49b45920dda3b5b48c968f8b2533d8981bcdb43002798d8f7a89ed", "5a60d3780149e13b7a6ff7ad6526b38846354d11a15e21068e57073e29e19bed", "7951a966613c4211b6612b0352f5bf29989955ee592c4a885d8c7d0f830d0433", "922f9602d67c15ade470c11d616f2b2364950602e370c76f0c94c94ae672742e", "a0f0b96c572fc9f25c3f4ddbf4688b9b38c69836713fb255f4a2715d93cbaf44", "a777c096a49d80f9d2979695b835b0f9c9edab73b59e4ceb51f19724dda887ed", "a9a4ac9648d39ce71c2f63fe7dc6db144b9fa567ddfc48b9fde1b54483d26042", "aa4969f24d536ae2268c902b2c3d62ab464b5a66bcb247630d208a79a8098e9b", "c7390f9b2119b2b43160abb34f63277a638504ef8df99f11cb52c1fda66a2e6f", "e18e6ab84dfb0ab997faf8cca25a86ff15dfea4027b986322026cc99e0a892da"]
distlib = ["6564fe0a8f51e734df6333d08b8b94d4ea8ee6b99b5ed50613f731fd4089f34b", "e4b58818180336dc9c529bfb9a0b58728ffc09ad92027a3f30b7cd91e3458579"]
entrypoints = ["589f874b313739ad35be6e0cd7efde2a4e9b6fea91edcc34e58ecbb8dbe56d19", "c70dd71abe5a8c85e55e12c19bd91ccfeec11a6e99044204511f9ed547d48451"]
enum34 = ["a98a201d6de3f2ab3db284e70a33b0f896fbf35f8086594e8c9e74b909058d53", "c3858660960c984d6ab0ebad691265180da2b43f07e061c0f8dca9ef3cffd328", "cce6a7477ed816bd2542d03d53db9f0db935dd013b70f336a95c73979289f248"]
filelock = ["7f07b08d731907441ff40d0c5b81f9512cd968842e0b6264c8bd18a8ce877760", "9cdd29c411ab196cf4c35a1da684f7b9da723696cb356efa45bf5eb1ff313ee3"]
functools32 = ["89d824aa6c358c421a234d7f9ee0bd75933a67c29588ce50aaa3acdf4d403fa0", "f6253dfbe0538ad2e387bd8fdfd9293c925d63553f5813c4e587745416501e6d"]
futures = ["49b3f5b064b6e3afc3316421a3f25f66c137ae88f068abbf72830170033c5e16", "7e033af76a5e35f58e56da7a91e687706faf4e7bdfb2cbc3f2cca6b9bcda9794"]
glob2 = ["f5b0a686ff21f820c4d3f0c4edd216704cea59d79d00fa337e244a2f2ff83ed6"]
html5lib = ["0d78f8fde1c230e99fe37986a60526d7049ed4bf8a9fadbad5f00e22e58e041d", "b2e5b40261e20f354d198eae92afc10d750afb487ed5e50f9c4eaf07c184146f"]
idna = ["b307872f855b18632ce0c21c5e45be78c0ea7ae4c15c828c20788b26921eb3f6", "b97d804b1e9b523befed77c48dacec60e6dcb0b5391d57af6a65a312a90648c0"]
importlib-metadata = ["90bb658cdbbf6d1735b6341ce708fc7024a3e14e99ffdc5783edea9f9b077f83", "dc15b2969b4ce36305c51eebe62d418ac7791e9a157911d58bfb1f9ccd8e2070"]
importlib-resources = ["0ed250dbd291947d1a298e89f39afcc477d5a6624770503034b72588601bcc05", "42068585cc5e8c2bf0a17449817401102a5125cbfbb26bb0f43cde1568f6f2df"]
ipaddress = ["6e0f4a39e66cb5bb9a137b00276a2eff74f93b71dcbdad6f10ff7df9d3557fcc", "b7f8e0369580bb4a24d5ba1d7cc29660a4a6987763faf1d8a8046830e020e7e2"]
keyring = ["67d6cc0132bd77922725fae9f18366bb314fd8f95ff4d323a4df41890a96a838", "7b29ebfcf8678c4da531b2478a912eea01e80007e5ddca9ee0c7038cb3489ec6"]
msgpack = ["0d8c332f53ffff01953ad25131272506500b14750c1d0ce8614b17d098252fbc", "1c58cdec1cb5fcea8c2f1771d7b5fec79307d056874f746690bd2bdd609ab147", "2c3ca57c96c8e69c1a0d2926a6acf2d9a522b41dc4253a8945c4c6cd4981a4e3", "2f30dd0dc4dfe6231ad253b6f9f7128ac3202ae49edd3f10d311adc358772dba", "2f97c0f35b3b096a330bb4a1a9247d0bd7e1f3a2eba7ab69795501504b1c2c39", "36a64a10b16c2ab31dcd5f32d9787ed41fe68ab23dd66957ca2826c7f10d0b85", "3d875631ecab42f65f9dce6f55ce6d736696ced240f2634633188de2f5f21af9", "40fb89b4625d12d6027a19f4df18a4de5c64f6f3314325049f219683e07e678a", "47d733a15ade190540c703de209ffbc42a3367600421b62ac0c09fde594da6ec", "494471d65b25a8751d19c83f1a482fd411d7ca7a3b9e17d25980a74075ba0e88", "51fdc7fb93615286428ee7758cecc2f374d5ff363bdd884c7ea622a7a327a81e", "6eef0cf8db3857b2b556213d97dd82de76e28a6524853a9beb3264983391dc1a", "6f4c22717c74d44bcd7af353024ce71c6b55346dad5e2cc1ddc17ce8c4507c6b", "73a80bd6eb6bcb338c1ec0da273f87420829c266379c8c82fa14c23fb586cfa1", "89908aea5f46ee1474cc37fbc146677f8529ac99201bc2faf4ef8edc023c2bf3", "8a3a5c4b16e9d0edb823fe54b59b5660cc8d4782d7bf2c214cb4b91a1940a8ef", "96acc674bb9c9be63fa8b6dabc3248fdc575c4adc005c440ad02f87ca7edd079", "973ad69fd7e31159eae8f580f3f707b718b61141838321c6fa4d891c4a2cca52", "9b6f2d714c506e79cbead331de9aae6837c8dd36190d02da74cb409b36162e8a", "9c0903bd93cbd34653dd63bbfcb99d7539c372795201f39d16fdfde4418de43a", "9fce00156e79af37bb6db4e7587b30d11e7ac6a02cb5bac387f023808cd7d7f4", "a598d0685e4ae07a0672b59792d2cc767d09d7a7f39fd9bd37ff84e060b1a996", "b0a792c091bac433dfe0a70ac17fc2087d4595ab835b47b89defc8bbabcf5c73", "bb87f23ae7d14b7b3c21009c4b1705ec107cb21ee71975992f6aca571fb4a42a", "bf1e6bfed4860d72106f4e0a1ab519546982b45689937b40257cfd820650b920", "c1ba333b4024c17c7591f0f372e2daa3c31db495a9b2af3cf664aef3c14354f7", "c2140cf7a3ec475ef0938edb6eb363fa704159e0bf71dde15d953bacc1cf9d7d", "c7e03b06f2982aa98d4ddd082a210c3db200471da523f9ac197f2828e80e7770", "d02cea2252abc3756b2ac31f781f7a98e89ff9759b2e7450a1c7a0d13302ff50", "da24375ab4c50e5b7486c115a3198d207954fe10aaa5708f7b65105df09109b2", "e4c309a68cb5d6bbd0c50d5c71a25ae81f268c2dc675c6f4ea8ab2feec2ac4e2", "f01b26c2290cbd74316990ba84a14ac3d599af9cebefc543d241a66e785cf17d", "f201d34dc89342fabb2a10ed7c9a9aaaed9b7af0f16a5923f1ae562b31258dea", "f74da1e5fcf20ade12c6bf1baa17a2dc3604958922de8dc83cbe3eff22e8b611"]
packaging = ["5b327ac1320dc863dca72f4514ecc086f31186744b84a230374cc1fd776feae5", "67714da7f7bc052e064859c05c595155bd1ee9f69f76557e21f051443c20947a"]
pastel = ["4349225fcdf6c2bb34d483e523475de5bb04a5c10ef711263452cb37d7dd4364", "e6581ac04e973cac858828c6202c1e1e81fee1dc7de7683f3e1ffe0bfd8a573d"]
pathlib2 = ["5266a0fd000452f1b3467d782f079a4343c63aaa119221fbdc4e39577489ca5b", "9fe0edad898b83c0c3e199c842b27ed216645d2e177757b2dd67384d4113c641"]
pexpect = ["0b48a55dcb3c05f3329815901ea4fc1537514d6ba867a152b581d69ae3710937", "fc65a43959d153d0114afe13997d439c22823a27cefceb5ff35c2178c6784c0c"]
pkginfo = ["542e0d0b6750e2e21c20179803e40ab50598d8066d51097a0e382cba9eb02bff", "c24c487c6a7f72c66e816ab1796b96ac6c3d14d49338293d2141664330b55ffc"]
platformdirs = ["0b9547541f599d3d242078ae60b927b3e453f0ad52f58b4d4bc3be86aed3ec41", "3b00d081227d9037bbbca521a5787796b5ef5000faea1e43fd76f1d44b06fcfa"]
poetry = ["52deb0792a2e801967ba9c4cdb39b56fe68b0b5cd3f195b004bef603db9d51a7", "b905ed610085f568aa61574e0e09260c02bff9eae12ff672af39e9f399357ac4"]
poetry-core = ["54b0fab6f7b313886e547a52f8bf52b8cf43e65b2633c65117f8755289061924", "951fc7c1f8d710a94cb49019ee3742125039fc659675912ea614ac2aa405b118"]
ptyprocess = ["4b41f3967fce3af57cc7e94b888626c18bf37a083e3651ca8feeb66d492fef35", "5c5d0a3b48ceee0b48485e0c26037c0acd7d29765ca3fbb5cb3831d347423220"]
pycparser = ["8ee45429555515e1f6b185e78100aea234072576aa43ab53aefcae078162fca9", "e644fdec12f7872f86c58ff790da456218b10f863970249516d60a5eaca77206"]
pylev = ["7b2e2aa7b00e05bb3f7650eb506fc89f474f70493271a35c242d9a92188ad3dd", "9e77e941042ad3a4cc305dcdf2b2dec1aec2fbe3dd9015d2698ad02b173006d1"]
pyparsing = ["c203ec8783bf771a155b207279b9bccb8dea02d8f0c9e5f8ead507bc3246ecc1", "ef9d7589ef3c200abe66653d3f1ab1033c3c419ae9b9bdb1240a85b024efc88b"]
python-dateutil = ["0123cacc1627ae19ddf3c27a5de5bd67ee4586fbdd6440d9748f8abb483d3e86", "961d03dc3453ebbc59dbdea9e4e11c5651520a876d0f4db161e8674aae935da9"]
python-time = ["0295498bdee3099dd0da87572102456672e38d4703272cf646c87744c2ca39f8"]
pywin32-ctypes = ["24ffc3b341d457d48e8922352130cf2644024a4ff09762a2261fd34c36ee5942", "9dc2d991b3479cc2df15930958b674a48a227d5361d413827a4cfd0b5876fc98"]
requests = ["68d7c56fd5a8999887728ef304a6d12edc7be74f1cfa47714fc8b414525c9a61", "f22fa1e554c9ddfd16e6e41ac79759e17be9e492b3587efa038054674760e72d"]
requests-toolbelt = ["380606e1d10dc85c3bd47bf5a6095f815ec007be7a8b69c878507068df059e6f", "968089d4584ad4ad7c171454f0a5c6dac23971e9472521ea3b6d49d610aa6fc0"]
scandir = ["2586c94e907d99617887daed6c1d102b5ca28f1085f90446554abf1faf73123e", "2ae41f43797ca0c11591c0c35f2f5875fa99f8797cb1a1fd440497ec0ae4b022", "2b8e3888b11abb2217a32af0766bc06b65cc4a928d8727828ee68af5a967fa6f", "2c712840c2e2ee8dfaf36034080108d30060d759c7b73a01a52251cc8989f11f", "4d4631f6062e658e9007ab3149a9b914f3548cb38bfb021c64f39a025ce578ae", "67f15b6f83e6507fdc6fca22fedf6ef8b334b399ca27c6b568cbfaa82a364173", "7d2d7a06a252764061a020407b997dd036f7bd6a175a5ba2b345f0a357f0b3f4", "8c5922863e44ffc00c5c693190648daa6d15e7c1207ed02d6f46a8dcc2869d32", "92c85ac42f41ffdc35b6da57ed991575bdbe69db895507af88b9f499b701c188", "b24086f2375c4a094a6b51e78b4cf7ca16c721dcee2eddd7aa6494b42d6d519d", "cb925555f43060a1745d0a321cca94bcea927c50114b623d73179189a4e100ac"]
secretstorage = ["3af65c87765323e6f64c83575b05393f9e003431959c9395d1791d51497f29b6"]
shellingham = ["4855c2458d6904829bd34c299f11fdeed7cfefbf8a2c522e4caea6cd76b3171e", "536b67a0697f2e4af32ab176c00a50ac2899c5a05e0d8e2dadac8e58888283f9"]
singledispatch = ["bc77afa97c8a22596d6d4fc20f1b7bdd2b86edc2a65a4262bdd7cc3cc19aa989", "c1a4d5c1da310c3fd8fccfb8d4e1cb7df076148fd5d858a819e37fffe44f3092"]
six = ["1e61c37477a1626458e36f7b1d82aa5c9b094fa4802892072e49de9c60c4c926", "8abb2f1d86890a2dfb989f9a77cfcfd3e47c2a354b01111771326f8aa26e0254"]
subprocess32 = ["88e37c1aac5388df41cc8a8456bb49ebffd321a3ad4d70358e3518176de3a56b", "e45d985aef903c5b7444d34350b05da91a9e0ea015415ab45a21212786c649d0", "eb2937c80497978d181efa1b839ec2d9622cf9600a039a79d0e108d1f9aec79d"]
tomlkit = ["173ad840fa5d2aac140528ca1933c29791b79a374a0861a80347f42ec9328117", "d7a454f319a7e9bd2e249f239168729327e4dd2d27b17dc68be264ad1ce36754"]
typing = ["12fbdfbe7d6cca1a42e485229afcb0b0c8259258cfb919b8a5e2a5c953742f89", "13b4ad211f54ddbf93e5901a9967b1e07720c1d1b78d596ac6a439641aa1b130", "c7219ef20c5fbf413b4567092adfc46fa6203cb8454eda33c3fc1afe1398a308"]
urllib3 = ["000ca7f471a233c2251c6c7023ee85305721bfdf18621ebff4fd17a8653427ed", "0e7c33d9a63e7ddfcb86780aac87befc2fbddf46c58dbb487e0855f7ceec283c"]
virtualenv = ["dd448d1ded9f14d1a4bfa6bfc0c5b96ae3be3f2d6c6c159b23ddcfd701baa021", "e9dd1a1359d70137559034c0f5433b34caf504af2dc756367be86a5a32967134"]
webencodings = ["a0af1213f3c2226497a97e2b3aa01a7e4bee4f403f95be16fc9acd2947514a78", "b36a1c245f2d304965eb4e0a82848379241dc04b865afcc4aab16748587e1923"]
zipp = ["c70410551488251b0fee67b460fb9a536af8d6f9f008ad10ac51f615b6a521b1", "e0d9e63797e483a30d27e09fffd308c59a700d365ec34e93cc100844168bf921"]
